
Microsoft Visual Studio Solution File, Format Version 12.00
# Visual Studio 15
VisualStudioVersion = 15.0.27428.2002
MinimumVisualStudioVersion = 10.0.40219.1
Project("{FAE04EC0-301F-11D3-BF4B-00C04F79EFBC}") = "TravelDeals.Api", "TravelDeals.Api\TravelDeals.Api.csproj", "{E6B43AC6-4C67-4652-B7BD-B70B2C88154B}"
EndProject
Project("{FAE04EC0-301F-11D3-BF4B-00C04F79EFBC}") = "TravelDeals.Framework", "TravelDeals.Framework\TravelDeals.Framework.csproj", "{2C5752B4-1894-4D16-AAA9-DCFDFC09CFE7}"
EndProject
Project("{FAE04EC0-301F-11D3-BF4B-00C04F79EFBC}") = "TravelDeals.Data", "TravelDeals.Data\TravelDeals.Data.csproj", "{84A5365B-214B-4A3F-A12D-C1D6490EE8AE}"
EndProject
Project("{FAE04EC0-301F-11D3-BF4B-00C04F79EFBC}") = "TravelDeals.Business", "TravelDeals.Service\TravelDeals.Business.csproj", "{4C04906B-33DC-4854-A746-AFDD475AD81B}"
EndProject
Project("{2150E333-8FDC-42A3-9474-1A3956D46DE8}") = "Database Scripts", "Database Scripts", "{72D6BEFA-56C2-4222-94E9-8FE213A18611}"
	ProjectSection(SolutionItems) = preProject
		Full_DB_Scripts.sql = Full_DB_Scripts.sql
	EndProjectSection
EndProject
Global
	GlobalSection(SolutionConfigurationPlatforms) = preSolution
		Debug|Any CPU = Debug|Any CPU
		Release|Any CPU = Release|Any CPU
	EndGlobalSection
	GlobalSection(ProjectConfigurationPlatforms) = postSolution
		{E6B43AC6-4C67-4652-B7BD-B70B2C88154B}.Debug|Any CPU.ActiveCfg = Debug|Any CPU
		{E6B43AC6-4C67-4652-B7BD-B70B2C88154B}.Debug|Any CPU.Build.0 = Debug|Any CPU
		{E6B43AC6-4C67-4652-B7BD-B70B2C88154B}.Release|Any CPU.ActiveCfg = Release|Any CPU
		{E6B43AC6-4C67-4652-B7BD-B70B2C88154B}.Release|Any CPU.Build.0 = Release|Any CPU
		{2C5752B4-1894-4D16-AAA9-DCFDFC09CFE7}.Debug|Any CPU.ActiveCfg = Debug|Any CPU
		{2C5752B4-1894-4D16-AAA9-DCFDFC09CFE7}.Debug|Any CPU.Build.0 = Debug|Any CPU
		{2C5752B4-1894-4D16-AAA9-DCFDFC09CFE7}.Release|Any CPU.ActiveCfg = Release|Any CPU
		{2C5752B4-1894-4D16-AAA9-DCFDFC09CFE7}.Release|Any CPU.Build.0 = Release|Any CPU
		{84A5365B-214B-4A3F-A12D-C1D6490EE8AE}.Debug|Any CPU.ActiveCfg = Debug|Any CPU
		{84A5365B-214B-4A3F-A12D-C1D6490EE8AE}.Debug|Any CPU.Build.0 = Debug|Any CPU
		{84A5365B-214B-4A3F-A12D-C1D6490EE8AE}.Release|Any CPU.ActiveCfg = Release|Any CPU
		{84A5365B-214B-4A3F-A12D-C1D6490EE8AE}.Release|Any CPU.Build.0 = Release|Any CPU
		{4C04906B-33DC-4854-A746-AFDD475AD81B}.Debug|Any CPU.ActiveCfg = Debug|Any CPU
		{4C04906B-33DC-4854-A746-AFDD475AD81B}.Debug|Any CPU.Build.0 = Debug|Any CPU
		{4C04906B-33DC-4854-A746-AFDD475AD81B}.Release|Any CPU.ActiveCfg = Release|Any CPU
		{4C04906B-33DC-4854-A746-AFDD475AD81B}.Release|Any CPU.Build.0 = Release|Any CPU
	EndGlobalSection
	GlobalSection(SolutionProperties) = preSolution
		HideSolutionNode = FALSE
	EndGlobalSection
	GlobalSection(ExtensibilityGlobals) = postSolution
		SolutionGuid = {53F0C1BD-24D8-4847-B5E0-0910406BD3C2}
	EndGlobalSection
EndGlobal
